
Microsoft Visual Studio Solution File, Format Version 12.00
# Visual Studio 15
VisualStudioVersion = 15.0.28307.421
MinimumVisualStudioVersion = 10.0.40219.1
Project("{2150E333-8FDC-42A3-9474-1A3956D46DE8}") = "反射Demo", "反射Demo", "{070499B7-30EE-4BC1-BDC3-49A932033A23}"
EndProject
Project("{FAE04EC0-301F-11D3-BF4B-00C04F79EFBC}") = "GetTypeDemo", "GetTypeDemo\GetTypeDemo.csproj", "{BA075D92-304F-4242-87D0-4C91653F459C}"
EndProject
Project("{FAE04EC0-301F-11D3-BF4B-00C04F79EFBC}") = "ThisDemo", "ThisDemo\ThisDemo.csproj", "{DA66FF27-BB85-4BC1-B3E2-C486F3431B37}"
EndProject
Project("{FAE04EC0-301F-11D3-BF4B-00C04F79EFBC}") = "Type的成员", "Type的成员\Type的成员.csproj", "{77FA3DD2-7B38-49E8-96ED-FA4C3976FE10}"
EndProject
Project("{FAE04EC0-301F-11D3-BF4B-00C04F79EFBC}") = "反射案例", "反射案例\反射案例.csproj", "{64EC75E7-BDF8-4AA6-AC08-572AB64D42D8}"
EndProject
Project("{FAE04EC0-301F-11D3-BF4B-00C04F79EFBC}") = "控制台反射案例", "控制台反射案例\控制台反射案例.csproj", "{163043BD-2F58-484B-AE20-95312ACCFE26}"
EndProject
Project("{FAE04EC0-301F-11D3-BF4B-00C04F79EFBC}") = "控制台反射案例2", "控制台反射案例2\控制台反射案例2.csproj", "{68D4F00D-0B71-4AEB-973E-AE95306695E7}"
EndProject
Project("{2150E333-8FDC-42A3-9474-1A3956D46DE8}") = "AttributeDemo", "AttributeDemo", "{5F124501-8154-41DF-8ACF-4D58821C8F21}"
EndProject
Project("{FAE04EC0-301F-11D3-BF4B-00C04F79EFBC}") = "MyAttributeTest", "MyAttributeTest\MyAttributeTest.csproj", "{29238E6F-274B-4D0C-830C-A8B4B58F3B21}"
EndProject
Project("{2150E333-8FDC-42A3-9474-1A3956D46DE8}") = "重载运算符", "重载运算符", "{F0D0D2EF-0CBB-4719-B3A8-EF0D09C9036C}"
EndProject
Project("{FAE04EC0-301F-11D3-BF4B-00C04F79EFBC}") = "StructSumDemo", "ClassSumDemo\StructSumDemo.csproj", "{74B80E16-CD8D-4AE6-8511-8241189B143B}"
EndProject
Project("{FAE04EC0-301F-11D3-BF4B-00C04F79EFBC}") = "DifferentType", "DifferentType\DifferentType.csproj", "{5461B3C2-4329-4D56-910A-BB88F1A21BDA}"
EndProject
Project("{2150E333-8FDC-42A3-9474-1A3956D46DE8}") = "Core+VueDemo", "Core+VueDemo", "{8084D21A-DCBC-4AB2-AF5F-91B809C24C45}"
EndProject
Project("{FAE04EC0-301F-11D3-BF4B-00C04F79EFBC}") = "WebApiDemo", "WebApiDemo\WebApiDemo.csproj", "{5A6721EE-8DF3-4F50-9D74-6920FEB82187}"
EndProject
Global
	GlobalSection(SolutionConfigurationPlatforms) = preSolution
		Debug|Any CPU = Debug|Any CPU
		Release|Any CPU = Release|Any CPU
	EndGlobalSection
	GlobalSection(ProjectConfigurationPlatforms) = postSolution
		{BA075D92-304F-4242-87D0-4C91653F459C}.Debug|Any CPU.ActiveCfg = Debug|Any CPU
		{BA075D92-304F-4242-87D0-4C91653F459C}.Debug|Any CPU.Build.0 = Debug|Any CPU
		{BA075D92-304F-4242-87D0-4C91653F459C}.Release|Any CPU.ActiveCfg = Release|Any CPU
		{BA075D92-304F-4242-87D0-4C91653F459C}.Release|Any CPU.Build.0 = Release|Any CPU
		{DA66FF27-BB85-4BC1-B3E2-C486F3431B37}.Debug|Any CPU.ActiveCfg = Debug|Any CPU
		{DA66FF27-BB85-4BC1-B3E2-C486F3431B37}.Debug|Any CPU.Build.0 = Debug|Any CPU
		{DA66FF27-BB85-4BC1-B3E2-C486F3431B37}.Release|Any CPU.ActiveCfg = Release|Any CPU
		{DA66FF27-BB85-4BC1-B3E2-C486F3431B37}.Release|Any CPU.Build.0 = Release|Any CPU
		{77FA3DD2-7B38-49E8-96ED-FA4C3976FE10}.Debug|Any CPU.ActiveCfg = Debug|Any CPU
		{77FA3DD2-7B38-49E8-96ED-FA4C3976FE10}.Debug|Any CPU.Build.0 = Debug|Any CPU
		{77FA3DD2-7B38-49E8-96ED-FA4C3976FE10}.Release|Any CPU.ActiveCfg = Release|Any CPU
		{77FA3DD2-7B38-49E8-96ED-FA4C3976FE10}.Release|Any CPU.Build.0 = Release|Any CPU
		{64EC75E7-BDF8-4AA6-AC08-572AB64D42D8}.Debug|Any CPU.ActiveCfg = Debug|Any CPU
		{64EC75E7-BDF8-4AA6-AC08-572AB64D42D8}.Debug|Any CPU.Build.0 = Debug|Any CPU
		{64EC75E7-BDF8-4AA6-AC08-572AB64D42D8}.Release|Any CPU.ActiveCfg = Release|Any CPU
		{64EC75E7-BDF8-4AA6-AC08-572AB64D42D8}.Release|Any CPU.Build.0 = Release|Any CPU
		{163043BD-2F58-484B-AE20-95312ACCFE26}.Debug|Any CPU.ActiveCfg = Debug|Any CPU
		{163043BD-2F58-484B-AE20-95312ACCFE26}.Debug|Any CPU.Build.0 = Debug|Any CPU
		{163043BD-2F58-484B-AE20-95312ACCFE26}.Release|Any CPU.ActiveCfg = Release|Any CPU
		{163043BD-2F58-484B-AE20-95312ACCFE26}.Release|Any CPU.Build.0 = Release|Any CPU
		{68D4F00D-0B71-4AEB-973E-AE95306695E7}.Debug|Any CPU.ActiveCfg = Debug|Any CPU
		{68D4F00D-0B71-4AEB-973E-AE95306695E7}.Debug|Any CPU.Build.0 = Debug|Any CPU
		{68D4F00D-0B71-4AEB-973E-AE95306695E7}.Release|Any CPU.ActiveCfg = Release|Any CPU
		{68D4F00D-0B71-4AEB-973E-AE95306695E7}.Release|Any CPU.Build.0 = Release|Any CPU
		{29238E6F-274B-4D0C-830C-A8B4B58F3B21}.Debug|Any CPU.ActiveCfg = Debug|Any CPU
		{29238E6F-274B-4D0C-830C-A8B4B58F3B21}.Debug|Any CPU.Build.0 = Debug|Any CPU
		{29238E6F-274B-4D0C-830C-A8B4B58F3B21}.Release|Any CPU.ActiveCfg = Release|Any CPU
		{29238E6F-274B-4D0C-830C-A8B4B58F3B21}.Release|Any CPU.Build.0 = Release|Any CPU
		{74B80E16-CD8D-4AE6-8511-8241189B143B}.Debug|Any CPU.ActiveCfg = Debug|Any CPU
		{74B80E16-CD8D-4AE6-8511-8241189B143B}.Debug|Any CPU.Build.0 = Debug|Any CPU
		{74B80E16-CD8D-4AE6-8511-8241189B143B}.Release|Any CPU.ActiveCfg = Release|Any CPU
		{74B80E16-CD8D-4AE6-8511-8241189B143B}.Release|Any CPU.Build.0 = Release|Any CPU
		{5461B3C2-4329-4D56-910A-BB88F1A21BDA}.Debug|Any CPU.ActiveCfg = Debug|Any CPU
		{5461B3C2-4329-4D56-910A-BB88F1A21BDA}.Debug|Any CPU.Build.0 = Debug|Any CPU
		{5461B3C2-4329-4D56-910A-BB88F1A21BDA}.Release|Any CPU.ActiveCfg = Release|Any CPU
		{5461B3C2-4329-4D56-910A-BB88F1A21BDA}.Release|Any CPU.Build.0 = Release|Any CPU
		{5A6721EE-8DF3-4F50-9D74-6920FEB82187}.Debug|Any CPU.ActiveCfg = Debug|Any CPU
		{5A6721EE-8DF3-4F50-9D74-6920FEB82187}.Debug|Any CPU.Build.0 = Debug|Any CPU
		{5A6721EE-8DF3-4F50-9D74-6920FEB82187}.Release|Any CPU.ActiveCfg = Release|Any CPU
		{5A6721EE-8DF3-4F50-9D74-6920FEB82187}.Release|Any CPU.Build.0 = Release|Any CPU
	EndGlobalSection
	GlobalSection(SolutionProperties) = preSolution
		HideSolutionNode = FALSE
	EndGlobalSection
	GlobalSection(NestedProjects) = preSolution
		{BA075D92-304F-4242-87D0-4C91653F459C} = {070499B7-30EE-4BC1-BDC3-49A932033A23}
		{DA66FF27-BB85-4BC1-B3E2-C486F3431B37} = {070499B7-30EE-4BC1-BDC3-49A932033A23}
		{77FA3DD2-7B38-49E8-96ED-FA4C3976FE10} = {070499B7-30EE-4BC1-BDC3-49A932033A23}
		{64EC75E7-BDF8-4AA6-AC08-572AB64D42D8} = {070499B7-30EE-4BC1-BDC3-49A932033A23}
		{163043BD-2F58-484B-AE20-95312ACCFE26} = {070499B7-30EE-4BC1-BDC3-49A932033A23}
		{68D4F00D-0B71-4AEB-973E-AE95306695E7} = {070499B7-30EE-4BC1-BDC3-49A932033A23}
		{29238E6F-274B-4D0C-830C-A8B4B58F3B21} = {5F124501-8154-41DF-8ACF-4D58821C8F21}
		{74B80E16-CD8D-4AE6-8511-8241189B143B} = {F0D0D2EF-0CBB-4719-B3A8-EF0D09C9036C}
		{5461B3C2-4329-4D56-910A-BB88F1A21BDA} = {F0D0D2EF-0CBB-4719-B3A8-EF0D09C9036C}
		{5A6721EE-8DF3-4F50-9D74-6920FEB82187} = {8084D21A-DCBC-4AB2-AF5F-91B809C24C45}
	EndGlobalSection
	GlobalSection(ExtensibilityGlobals) = postSolution
		SolutionGuid = {264ABC7C-3891-4E9F-8481-0868D1AEE23D}
	EndGlobalSection
EndGlobal
